
Microsoft Visual Studio Solution File, Format Version 12.00
# Visual Studio 14
VisualStudioVersion = 14.0.25420.1
MinimumVisualStudioVersion = 10.0.40219.1
Project("{FAE04EC0-301F-11D3-BF4B-00C04F79EFBC}") = "StoryCLM.SDK", "StoryCLM.SDK\StoryCLM.SDK.csproj", "{8AD5EB9A-CADA-40BC-8265-E819B32F387E}"
EndProject
Project("{FAE04EC0-301F-11D3-BF4B-00C04F79EFBC}") = "Tests", "Tests\Tests.csproj", "{8BB0B255-D3D0-4C47-B20B-D5B026BD6A27}"
EndProject
Global
	GlobalSection(SolutionConfigurationPlatforms) = preSolution
		Debug|Any CPU = Debug|Any CPU
		Release|Any CPU = Release|Any CPU
	EndGlobalSection
	GlobalSection(ProjectConfigurationPlatforms) = postSolution
		{8AD5EB9A-CADA-40BC-8265-E819B32F387E}.Debug|Any CPU.ActiveCfg = Debug|Any CPU
		{8AD5EB9A-CADA-40BC-8265-E819B32F387E}.Debug|Any CPU.Build.0 = Debug|Any CPU
		{8AD5EB9A-CADA-40BC-8265-E819B32F387E}.Release|Any CPU.ActiveCfg = Release|Any CPU
		{8AD5EB9A-CADA-40BC-8265-E819B32F387E}.Release|Any CPU.Build.0 = Release|Any CPU
		{8BB0B255-D3D0-4C47-B20B-D5B026BD6A27}.Debug|Any CPU.ActiveCfg = Debug|Any CPU
		{8BB0B255-D3D0-4C47-B20B-D5B026BD6A27}.Debug|Any CPU.Build.0 = Debug|Any CPU
		{8BB0B255-D3D0-4C47-B20B-D5B026BD6A27}.Release|Any CPU.ActiveCfg = Release|Any CPU
		{8BB0B255-D3D0-4C47-B20B-D5B026BD6A27}.Release|Any CPU.Build.0 = Release|Any CPU
	EndGlobalSection
	GlobalSection(SolutionProperties) = preSolution
		HideSolutionNode = FALSE
	EndGlobalSection
EndGlobal
