
Microsoft Visual Studio Solution File, Format Version 12.00
# Visual Studio 15
VisualStudioVersion = 15.0.26430.4
MinimumVisualStudioVersion = 10.0.40219.1
Project("{2150E333-8FDC-42A3-9474-1A3956D46DE8}") = "src", "src", "{6D8063F6-C7DE-4603-A8F1-B230D1540594}"
EndProject
Project("{2150E333-8FDC-42A3-9474-1A3956D46DE8}") = "test", "test", "{5D04CA7B-8A78-4F8C-94B7-2EB1AF4EDEE6}"
EndProject
Project("{9A19103F-16F7-4668-BE54-9A1E7A4F7556}") = "SroryCLM.SDK.CLMAnalitycs", "src\SroryCLM.SDK.CLMAnalitycs\SroryCLM.SDK.CLMAnalitycs.csproj", "{0D2EFB21-E277-4351-825A-A1ED168B9530}"
EndProject
Project("{9A19103F-16F7-4668-BE54-9A1E7A4F7556}") = "StoryCLM.SDK", "src\StoryCLM.SDK\StoryCLM.SDK.csproj", "{C18BFF53-5665-4C56-A612-DFDCFA033DB0}"
EndProject
Project("{9A19103F-16F7-4668-BE54-9A1E7A4F7556}") = "StoryCLM.SDK.Content", "src\StoryCLM.SDK.Content\StoryCLM.SDK.Content.csproj", "{2C79765A-365C-4D2C-AB53-6ED6340A29B7}"
EndProject
Project("{9A19103F-16F7-4668-BE54-9A1E7A4F7556}") = "StoryCLM.SDK.Files", "src\StoryCLM.SDK.Files\StoryCLM.SDK.Files.csproj", "{B6BD542E-019D-40B1-95BE-DF622EA0274E}"
EndProject
Project("{9A19103F-16F7-4668-BE54-9A1E7A4F7556}") = "StoryCLM.SDK.Groups", "src\StoryCLM.SDK.Groups\StoryCLM.SDK.Groups.csproj", "{EE83F763-3291-4FB9-9B62-EAC375046AC9}"
EndProject
Project("{9A19103F-16F7-4668-BE54-9A1E7A4F7556}") = "StoryCLM.SDK.Tables", "src\StoryCLM.SDK.Tables\StoryCLM.SDK.Tables.csproj", "{26145678-B868-4A6B-A923-B91681950A0B}"
EndProject
Project("{9A19103F-16F7-4668-BE54-9A1E7A4F7556}") = "StoryCLM.SDK.Users", "src\StoryCLM.SDK.Users\StoryCLM.SDK.Users.csproj", "{85E25015-84CC-4C66-80AC-63788F88D3E7}"
EndProject
Project("{9A19103F-16F7-4668-BE54-9A1E7A4F7556}") = "StoryCLM.SDK.Tables.Test", "test\StoryCLM.SDK.Tables.Test\StoryCLM.SDK.Tables.Test.csproj", "{62E217DB-0E5B-4398-B870-630901B07E2E}"
EndProject
Project("{9A19103F-16F7-4668-BE54-9A1E7A4F7556}") = "Shared", "test\Shared\Shared.csproj", "{A3414F54-546A-4A9C-B0A5-989CC239206F}"
EndProject
Project("{9A19103F-16F7-4668-BE54-9A1E7A4F7556}") = "StoryCLM.SDK.Content.Test", "test\StoryCLM.SDK.Content.Test\StoryCLM.SDK.Content.Test.csproj", "{F73EC49C-F541-4E2C-9910-199F327E712E}"
EndProject
Project("{9A19103F-16F7-4668-BE54-9A1E7A4F7556}") = "StoryCLM.SDK.Users.Test", "test\StoryCLM.SDK.Users.Test\StoryCLM.SDK.Users.Test.csproj", "{AF188959-1D3F-483A-BBC8-D0E463ECC0F3}"
EndProject
Project("{9A19103F-16F7-4668-BE54-9A1E7A4F7556}") = "StoryCLM.SDK.CLMAnalitycs.Test", "test\StoryCLM.SDK.CLMAnalitycs.Test\StoryCLM.SDK.CLMAnalitycs.Test.csproj", "{342901D2-F14A-4515-A626-42468077A6A8}"
EndProject
Project("{FAE04EC0-301F-11D3-BF4B-00C04F79EFBC}") = "StoryCLM.SDK.Authentication", "StoryCLM.SDK.Authentication\StoryCLM.SDK.Authentication.csproj", "{E61375F1-A403-4D20-9CDA-6C30C3BA8323}"
EndProject
Project("{FAE04EC0-301F-11D3-BF4B-00C04F79EFBC}") = "StoryCLM.SDK.Authentication.Test", "test\StoryCLM.SDK.Authentication.Test\StoryCLM.SDK.Authentication.Test.csproj", "{D1689C49-22FD-4E6A-A04F-E483A245BE12}"
EndProject
Global
	GlobalSection(SolutionConfigurationPlatforms) = preSolution
		Debug|Any CPU = Debug|Any CPU
		Release|Any CPU = Release|Any CPU
	EndGlobalSection
	GlobalSection(ProjectConfigurationPlatforms) = postSolution
		{0D2EFB21-E277-4351-825A-A1ED168B9530}.Debug|Any CPU.ActiveCfg = Debug|Any CPU
		{0D2EFB21-E277-4351-825A-A1ED168B9530}.Debug|Any CPU.Build.0 = Debug|Any CPU
		{0D2EFB21-E277-4351-825A-A1ED168B9530}.Release|Any CPU.ActiveCfg = Release|Any CPU
		{0D2EFB21-E277-4351-825A-A1ED168B9530}.Release|Any CPU.Build.0 = Release|Any CPU
		{C18BFF53-5665-4C56-A612-DFDCFA033DB0}.Debug|Any CPU.ActiveCfg = Debug|Any CPU
		{C18BFF53-5665-4C56-A612-DFDCFA033DB0}.Debug|Any CPU.Build.0 = Debug|Any CPU
		{C18BFF53-5665-4C56-A612-DFDCFA033DB0}.Release|Any CPU.ActiveCfg = Release|Any CPU
		{C18BFF53-5665-4C56-A612-DFDCFA033DB0}.Release|Any CPU.Build.0 = Release|Any CPU
		{2C79765A-365C-4D2C-AB53-6ED6340A29B7}.Debug|Any CPU.ActiveCfg = Debug|Any CPU
		{2C79765A-365C-4D2C-AB53-6ED6340A29B7}.Debug|Any CPU.Build.0 = Debug|Any CPU
		{2C79765A-365C-4D2C-AB53-6ED6340A29B7}.Release|Any CPU.ActiveCfg = Release|Any CPU
		{2C79765A-365C-4D2C-AB53-6ED6340A29B7}.Release|Any CPU.Build.0 = Release|Any CPU
		{B6BD542E-019D-40B1-95BE-DF622EA0274E}.Debug|Any CPU.ActiveCfg = Debug|Any CPU
		{B6BD542E-019D-40B1-95BE-DF622EA0274E}.Debug|Any CPU.Build.0 = Debug|Any CPU
		{B6BD542E-019D-40B1-95BE-DF622EA0274E}.Release|Any CPU.ActiveCfg = Release|Any CPU
		{B6BD542E-019D-40B1-95BE-DF622EA0274E}.Release|Any CPU.Build.0 = Release|Any CPU
		{EE83F763-3291-4FB9-9B62-EAC375046AC9}.Debug|Any CPU.ActiveCfg = Debug|Any CPU
		{EE83F763-3291-4FB9-9B62-EAC375046AC9}.Debug|Any CPU.Build.0 = Debug|Any CPU
		{EE83F763-3291-4FB9-9B62-EAC375046AC9}.Release|Any CPU.ActiveCfg = Release|Any CPU
		{EE83F763-3291-4FB9-9B62-EAC375046AC9}.Release|Any CPU.Build.0 = Release|Any CPU
		{26145678-B868-4A6B-A923-B91681950A0B}.Debug|Any CPU.ActiveCfg = Debug|Any CPU
		{26145678-B868-4A6B-A923-B91681950A0B}.Debug|Any CPU.Build.0 = Debug|Any CPU
		{26145678-B868-4A6B-A923-B91681950A0B}.Release|Any CPU.ActiveCfg = Release|Any CPU
		{26145678-B868-4A6B-A923-B91681950A0B}.Release|Any CPU.Build.0 = Release|Any CPU
		{85E25015-84CC-4C66-80AC-63788F88D3E7}.Debug|Any CPU.ActiveCfg = Debug|Any CPU
		{85E25015-84CC-4C66-80AC-63788F88D3E7}.Debug|Any CPU.Build.0 = Debug|Any CPU
		{85E25015-84CC-4C66-80AC-63788F88D3E7}.Release|Any CPU.ActiveCfg = Release|Any CPU
		{85E25015-84CC-4C66-80AC-63788F88D3E7}.Release|Any CPU.Build.0 = Release|Any CPU
		{62E217DB-0E5B-4398-B870-630901B07E2E}.Debug|Any CPU.ActiveCfg = Debug|Any CPU
		{62E217DB-0E5B-4398-B870-630901B07E2E}.Debug|Any CPU.Build.0 = Debug|Any CPU
		{62E217DB-0E5B-4398-B870-630901B07E2E}.Release|Any CPU.ActiveCfg = Release|Any CPU
		{62E217DB-0E5B-4398-B870-630901B07E2E}.Release|Any CPU.Build.0 = Release|Any CPU
		{A3414F54-546A-4A9C-B0A5-989CC239206F}.Debug|Any CPU.ActiveCfg = Debug|Any CPU
		{A3414F54-546A-4A9C-B0A5-989CC239206F}.Debug|Any CPU.Build.0 = Debug|Any CPU
		{A3414F54-546A-4A9C-B0A5-989CC239206F}.Release|Any CPU.ActiveCfg = Release|Any CPU
		{A3414F54-546A-4A9C-B0A5-989CC239206F}.Release|Any CPU.Build.0 = Release|Any CPU
		{F73EC49C-F541-4E2C-9910-199F327E712E}.Debug|Any CPU.ActiveCfg = Debug|Any CPU
		{F73EC49C-F541-4E2C-9910-199F327E712E}.Debug|Any CPU.Build.0 = Debug|Any CPU
		{F73EC49C-F541-4E2C-9910-199F327E712E}.Release|Any CPU.ActiveCfg = Release|Any CPU
		{F73EC49C-F541-4E2C-9910-199F327E712E}.Release|Any CPU.Build.0 = Release|Any CPU
		{AF188959-1D3F-483A-BBC8-D0E463ECC0F3}.Debug|Any CPU.ActiveCfg = Debug|Any CPU
		{AF188959-1D3F-483A-BBC8-D0E463ECC0F3}.Debug|Any CPU.Build.0 = Debug|Any CPU
		{AF188959-1D3F-483A-BBC8-D0E463ECC0F3}.Release|Any CPU.ActiveCfg = Release|Any CPU
		{AF188959-1D3F-483A-BBC8-D0E463ECC0F3}.Release|Any CPU.Build.0 = Release|Any CPU
		{342901D2-F14A-4515-A626-42468077A6A8}.Debug|Any CPU.ActiveCfg = Debug|Any CPU
		{342901D2-F14A-4515-A626-42468077A6A8}.Debug|Any CPU.Build.0 = Debug|Any CPU
		{342901D2-F14A-4515-A626-42468077A6A8}.Release|Any CPU.ActiveCfg = Release|Any CPU
		{342901D2-F14A-4515-A626-42468077A6A8}.Release|Any CPU.Build.0 = Release|Any CPU
		{E61375F1-A403-4D20-9CDA-6C30C3BA8323}.Debug|Any CPU.ActiveCfg = Debug|Any CPU
		{E61375F1-A403-4D20-9CDA-6C30C3BA8323}.Debug|Any CPU.Build.0 = Debug|Any CPU
		{E61375F1-A403-4D20-9CDA-6C30C3BA8323}.Release|Any CPU.ActiveCfg = Release|Any CPU
		{E61375F1-A403-4D20-9CDA-6C30C3BA8323}.Release|Any CPU.Build.0 = Release|Any CPU
		{D1689C49-22FD-4E6A-A04F-E483A245BE12}.Debug|Any CPU.ActiveCfg = Debug|Any CPU
		{D1689C49-22FD-4E6A-A04F-E483A245BE12}.Debug|Any CPU.Build.0 = Debug|Any CPU
		{D1689C49-22FD-4E6A-A04F-E483A245BE12}.Release|Any CPU.ActiveCfg = Release|Any CPU
		{D1689C49-22FD-4E6A-A04F-E483A245BE12}.Release|Any CPU.Build.0 = Release|Any CPU
	EndGlobalSection
	GlobalSection(SolutionProperties) = preSolution
		HideSolutionNode = FALSE
	EndGlobalSection
	GlobalSection(NestedProjects) = preSolution
		{0D2EFB21-E277-4351-825A-A1ED168B9530} = {6D8063F6-C7DE-4603-A8F1-B230D1540594}
		{C18BFF53-5665-4C56-A612-DFDCFA033DB0} = {6D8063F6-C7DE-4603-A8F1-B230D1540594}
		{2C79765A-365C-4D2C-AB53-6ED6340A29B7} = {6D8063F6-C7DE-4603-A8F1-B230D1540594}
		{B6BD542E-019D-40B1-95BE-DF622EA0274E} = {6D8063F6-C7DE-4603-A8F1-B230D1540594}
		{EE83F763-3291-4FB9-9B62-EAC375046AC9} = {6D8063F6-C7DE-4603-A8F1-B230D1540594}
		{26145678-B868-4A6B-A923-B91681950A0B} = {6D8063F6-C7DE-4603-A8F1-B230D1540594}
		{85E25015-84CC-4C66-80AC-63788F88D3E7} = {6D8063F6-C7DE-4603-A8F1-B230D1540594}
		{62E217DB-0E5B-4398-B870-630901B07E2E} = {5D04CA7B-8A78-4F8C-94B7-2EB1AF4EDEE6}
		{A3414F54-546A-4A9C-B0A5-989CC239206F} = {5D04CA7B-8A78-4F8C-94B7-2EB1AF4EDEE6}
		{F73EC49C-F541-4E2C-9910-199F327E712E} = {5D04CA7B-8A78-4F8C-94B7-2EB1AF4EDEE6}
		{AF188959-1D3F-483A-BBC8-D0E463ECC0F3} = {5D04CA7B-8A78-4F8C-94B7-2EB1AF4EDEE6}
		{342901D2-F14A-4515-A626-42468077A6A8} = {5D04CA7B-8A78-4F8C-94B7-2EB1AF4EDEE6}
		{E61375F1-A403-4D20-9CDA-6C30C3BA8323} = {6D8063F6-C7DE-4603-A8F1-B230D1540594}
		{D1689C49-22FD-4E6A-A04F-E483A245BE12} = {5D04CA7B-8A78-4F8C-94B7-2EB1AF4EDEE6}
	EndGlobalSection
	GlobalSection(ExtensibilityGlobals) = postSolution
		SolutionGuid = {E6D27E24-0461-4655-8107-D5AB45F9478B}
	EndGlobalSection
EndGlobal
